
Microsoft Visual Studio Solution File, Format Version 12.00
# Visual Studio Version 17
VisualStudioVersion = 17.11.35219.272
MinimumVisualStudioVersion = 10.0.40219.1
Project("{FAE04EC0-301F-11D3-BF4B-00C04F79EFBC}") = "SalesIA", "SalesIA.csproj", "{FB5CBE7C-762B-4BBB-AE01-63A667E1B547}"
EndProject
Global
	GlobalSection(SolutionConfigurationPlatforms) = preSolution
		Debug|Any CPU = Debug|Any CPU
		Release|Any CPU = Release|Any CPU
	EndGlobalSection
	GlobalSection(ProjectConfigurationPlatforms) = postSolution
		{FB5CBE7C-762B-4BBB-AE01-63A667E1B547}.Debug|Any CPU.ActiveCfg = Debug|Any CPU
		{FB5CBE7C-762B-4BBB-AE01-63A667E1B547}.Debug|Any CPU.Build.0 = Debug|Any CPU
		{FB5CBE7C-762B-4BBB-AE01-63A667E1B547}.Release|Any CPU.ActiveCfg = Release|Any CPU
		{FB5CBE7C-762B-4BBB-AE01-63A667E1B547}.Release|Any CPU.Build.0 = Release|Any CPU
	EndGlobalSection
	GlobalSection(SolutionProperties) = preSolution
		HideSolutionNode = FALSE
	EndGlobalSection
	GlobalSection(ExtensibilityGlobals) = postSolution
		SolutionGuid = {4A278E41-E0FF-47C2-90CD-CEECF59AC894}
	EndGlobalSection
EndGlobal
